
Microsoft Visual Studio Solution File, Format Version 12.00
# Visual Studio 14
VisualStudioVersion = 14.0.24720.0
MinimumVisualStudioVersion = 10.0.40219.1
Project("{FAE04EC0-301F-11D3-BF4B-00C04F79EFBC}") = "StringToStringAnalyzer", "StringToStringAnalyzer\StringToStringAnalyzer\StringToStringAnalyzer.csproj", "{9C44A39E-C4AB-4526-8F20-21F43D1E2437}"
EndProject
Project("{FAE04EC0-301F-11D3-BF4B-00C04F79EFBC}") = "StringToStringAnalyzer.Test", "StringToStringAnalyzer\StringToStringAnalyzer.Test\StringToStringAnalyzer.Test.csproj", "{C7F732A8-AB9B-4F16-9087-867CE8D672AC}"
EndProject
Project("{FAE04EC0-301F-11D3-BF4B-00C04F79EFBC}") = "StringToStringAnalyzer.Vsix", "StringToStringAnalyzer\StringToStringAnalyzer.Vsix\StringToStringAnalyzer.Vsix.csproj", "{67BE154F-C274-48A6-9A82-FF208A861FD7}"
EndProject
Global
	GlobalSection(SolutionConfigurationPlatforms) = preSolution
		Debug|Any CPU = Debug|Any CPU
		Release|Any CPU = Release|Any CPU
	EndGlobalSection
	GlobalSection(ProjectConfigurationPlatforms) = postSolution
		{9C44A39E-C4AB-4526-8F20-21F43D1E2437}.Debug|Any CPU.ActiveCfg = Debug|Any CPU
		{9C44A39E-C4AB-4526-8F20-21F43D1E2437}.Debug|Any CPU.Build.0 = Debug|Any CPU
		{9C44A39E-C4AB-4526-8F20-21F43D1E2437}.Release|Any CPU.ActiveCfg = Release|Any CPU
		{9C44A39E-C4AB-4526-8F20-21F43D1E2437}.Release|Any CPU.Build.0 = Release|Any CPU
		{C7F732A8-AB9B-4F16-9087-867CE8D672AC}.Debug|Any CPU.ActiveCfg = Debug|Any CPU
		{C7F732A8-AB9B-4F16-9087-867CE8D672AC}.Debug|Any CPU.Build.0 = Debug|Any CPU
		{C7F732A8-AB9B-4F16-9087-867CE8D672AC}.Release|Any CPU.ActiveCfg = Release|Any CPU
		{C7F732A8-AB9B-4F16-9087-867CE8D672AC}.Release|Any CPU.Build.0 = Release|Any CPU
		{67BE154F-C274-48A6-9A82-FF208A861FD7}.Debug|Any CPU.ActiveCfg = Debug|Any CPU
		{67BE154F-C274-48A6-9A82-FF208A861FD7}.Debug|Any CPU.Build.0 = Debug|Any CPU
		{67BE154F-C274-48A6-9A82-FF208A861FD7}.Release|Any CPU.ActiveCfg = Release|Any CPU
		{67BE154F-C274-48A6-9A82-FF208A861FD7}.Release|Any CPU.Build.0 = Release|Any CPU
	EndGlobalSection
	GlobalSection(SolutionProperties) = preSolution
		HideSolutionNode = FALSE
	EndGlobalSection
EndGlobal
